lockfileVersion: '9.0'

settings:
  autoInstallPeers: true
  excludeLinksFromLockfile: false

importers:

  .:
    devDependencies:
      husky:
        specifier: 9.1.6
        version: 9.1.6

packages:

  husky@9.1.6:
    resolution: {integrity: sha512-sqbjZKK7kf44hfdE94EoX8MZNk0n7HeW37O4YrVGCF4wzgQjp+akPAkfUK5LZ6KuR/6sqeAVuXHji+RzQgOn5A==}
    engines: {node: '>=18'}
    hasBin: true

snapshots:

  husky@9.1.6: {}
